# This file is automatically @generated by Cargo.
# It is not intended for manual editing.
version = 4

[[package]]
name = "ab_glyph"
version = "0.2.32"
source = "registry+https://github.com/rust-lang/crates.io-index"
checksum = "01c0457472c38ea5bd1c3b5ada5e368271cb550be7a4ca4a0b4634e9913f6cc2"
dependencies = [
 "ab_glyph_rasterizer",
 "owned_ttf_parser",
]

[[package]]
name = "ab_glyph_rasterizer"
version = "0.1.10"
source = "registry+https://github.com/rust-lang/crates.io-index"
checksum = "366ffbaa4442f4684d91e2cd7c5ea7c4ed8add41959a31447066e279e432b618"

[[package]]
name = "adler2"
version = "2.0.1"
source = "registry+https://github.com/rust-lang/crates.io-index"
checksum = "320119579fcad9c21884f5c4861d16174d0e06250625266f50fe6898340abefa"

[[package]]
name = "ahash"
version = "0.8.12"
source = "registry+https://github.com/rust-lang/crates.io-index"
checksum = "5a15f179cd60c4584b8a8c596927aadc462e27f2ca70c04e0071964a73ba7a75"
dependencies = [
 "cfg-if",
 "getrandom 0.3.4",
 "once_cell",
 "version_check",
 "zerocopy",
]

[[package]]
name = "aho-corasick"
version = "1.1.4"
source = "registry+https://github.com/rust-lang/crates.io-index"
checksum = "ddd31a130427c27518df266943a5308ed92d4b226cc639f5a8f1002816174301"
dependencies = [
 "memchr",
]

[[package]]
name = "allocator-api2"
version = "0.2.21"
source = "registry+https://github.com/rust-lang/crates.io-index"
checksum = "683d7910e743518b0e34f1186f92494becacb047c7b6bf616c96772180fef923"

[[package]]
name = "alsa"
version = "0.11.0"
source = "registry+https://github.com/rust-lang/crates.io-index"
checksum = "812947049edcd670a82cd5c73c3661d2e58468577ba8489de58e1a73c04cbd5d"
dependencies = [
 "alsa-sys",
 "bitflags 2.13.1",
 "cfg-if",
 "libc",
]

[[package]]
name = "alsa-sys"
version = "0.4.0"
source = "registry+https://github.com/rust-lang/crates.io-index"
checksum = "ad7569085a265dd3f607ebecce7458eaab2132a84393534c95b18dcbc3f31e04"
dependencies = [
 "libc",
 "pkg-config",
]

[[package]]
name = "android-activity"
version = "0.6.1"
source = "registry+https://github.com/rust-lang/crates.io-index"
checksum = "0f2a1bb052857d5dd49572219344a7332b31b76405648eabac5bc68978251bcd"
dependencies = [
 "android-properties",
 "bitflags 2.13.1",
 "cc",
 "jni 0.22.4",
 "libc",
 "log",
 "ndk",
 "ndk-context",
 "ndk-sys",
 "num_enum",
 "thiserror 2.0.19",
]

[[package]]
name = "android-properties"
version = "0.2.2"
source = "registry+https://github.com/rust-lang/crates.io-index"
checksum = "fc7eb209b1518d6bb87b283c20095f5228ecda460da70b44f0802523dea6da04"

[[package]]
name = "anyhow"
version = "1.0.104"
source = "registry+https://github.com/rust-lang/crates.io-index"
checksum = "330a5ed07fa54e4702c9d6c4174f74427fc0ef6e214bbd677ae50a5099946470"

[[package]]
name = "approx"
version = "0.5.1"
source = "registry+https://github.com/rust-lang/crates.io-index"
checksum = "cab112f0a86d568ea0e627cc1d6be74a1e9cd55214684db5561995f6dad897c6"
dependencies = [
 "num-traits",
]

[[package]]
name = "arrayref"
version = "0.3.9"
source = "registry+https://github.com/rust-lang/crates.io-index"
checksum = "76a2e8124351fda1ef8aaaa3bbd7ebbcb486bbcd4225aca0aa0d84bb2db8fecb"

[[package]]
name = "arrayvec"
version = "0.7.8"
source = "registry+https://github.com/rust-lang/crates.io-index"
checksum = "d3fb67a6e08acf24fdeccbac2cb6ac4305825bd1f117462e0e6f2f193345ad56"

[[package]]
name = "as-raw-xcb-connection"
version = "1.0.1"
source = "registry+https://github.com/rust-lang/crates.io-index"
checksum = "175571dd1d178ced59193a6fc02dde1b972eb0bc56c892cde9beeceac5bf0f6b"

[[package]]
name = "async-broadcast"
version = "0.5.1"
source = "registry+https://github.com/rust-lang/crates.io-index"
checksum = "7c48ccdbf6ca6b121e0f586cbc0e73ae440e56c67c30fa0873b4e110d9c26d2b"
dependencies = [
 "event-listener 2.5.3",
 "futures-core",
]

[[package]]
name = "async-channel"
version = "2.5.0"
source = "registry+https://github.com/rust-lang/crates.io-index"
checksum = "924ed96dd52d1b75e9c1a3e6275715fd320f5f9439fb5a4a11fa51f4221158d2"
dependencies = [
 "concurrent-queue",
 "event-listener-strategy",
 "futures-core",
 "pin-project-lite",
]

[[package]]
name = "async-executor"
version = "1.14.0"
source = "registry+https://github.com/rust-lang/crates.io-index"
checksum = "c96bf972d85afc50bf5ab8fe2d54d1586b4e0b46c97c50a0c9e71e2f7bcd812a"
dependencies = [
 "async-task",
 "concurrent-queue",
 "fastrand 2.5.0",
 "futures-lite 2.6.1",
 "pin-project-lite",
 "slab",
]

[[package]]
name = "async-fs"
version = "1.6.0"
source = "registry+https://github.com/rust-lang/crates.io-index"
checksum = "279cf904654eeebfa37ac9bb1598880884924aab82e290aa65c9e77a0e142e06"
dependencies = [
 "async-lock 2.8.0",
 "autocfg",
 "blocking",
 "futures-lite 1.13.0",
]

[[package]]
name = "async-io"
version = "1.13.0"
source = "registry+https://github.com/rust-lang/crates.io-index"
checksum = "0fc5b45d93ef0529756f812ca52e44c221b35341892d3dcc34132ac02f3dd2af"
dependencies = [
 "async-lock 2.8.0",
 "autocfg",
 "cfg-if",
 "concurrent-queue",
 "futures-lite 1.13.0",
 "log",
 "parking",
 "polling 2.8.0",
 "rustix 0.37.28",
 "slab",
 "socket2 0.4.10",
 "waker-fn",
]

[[package]]
name = "async-io"
version = "2.6.0"
source = "registry+https://github.com/rust-lang/crates.io-index"
checksum = "456b8a8feb6f42d237746d4b3e9a178494627745c3c56c6ea55d92ba50d026fc"
dependencies = [
 "autocfg",
 "cfg-if",
 "concurrent-queue",
 "futures-io",
 "futures-lite 2.6.1",
 "parking",
 "polling 3.11.0",
 "rustix 1.1.4",
 "slab",
 "windows-sys 0.61.2",
]

[[package]]
name = "async-lock"
version = "2.8.0"
source = "registry+https://github.com/rust-lang/crates.io-index"
checksum = "287272293e9d8c41773cec55e365490fe034813a2f172f502d6ddcf75b2f582b"
dependencies = [
 "event-listener 2.5.3",
]

[[package]]
name = "async-lock"
version = "3.4.2"
source = "registry+https://github.com/rust-lang/crates.io-index"
checksum = "290f7f2596bd5b78a9fec8088ccd89180d7f9f55b94b0576823bbbdc72ee8311"
dependencies = [
 "event-listener 5.4.2",
 "event-listener-strategy",
 "pin-project-lite",
]

[[package]]
name = "async-process"
version = "1.8.1"
source = "registry+https://github.com/rust-lang/crates.io-index"
checksum = "ea6438ba0a08d81529c69b36700fa2f95837bfe3e776ab39cde9c14d9149da88"
dependencies = [
 "async-io 1.13.0",
 "async-lock 2.8.0",
 "async-signal",
 "blocking",
 "cfg-if",
 "event-listener 3.1.0",
 "futures-lite 1.13.0",
 "rustix 0.38.44",
 "windows-sys 0.48.0",
]

[[package]]
name = "async-recursion"
version = "1.1.1"
source = "registry+https://github.com/rust-lang/crates.io-index"
checksum = "3b43422f69d8ff38f95f1b2bb76517c91589a924d1559a0e935d7c8ce0274c11"
dependencies = [
 "proc-macro2",
 "quote",
 "syn 2.0.119",
]

[[package]]
name = "async-signal"
version = "0.2.14"
source = "registry+https://github.com/rust-lang/crates.io-index"
checksum = "52b5aaafa020cf5053a01f2a60e8ff5dccf550f0f77ec54a4e47285ac2bab485"
dependencies = [
 "async-io 2.6.0",
 "async-lock 3.4.2",
 "atomic-waker",
 "cfg-if",
 "futures-core",
 "futures-io",
 "rustix 1.1.4",
 "signal-hook-registry",
 "slab",
 "windows-sys 0.61.2",
]

[[package]]
name = "async-task"
version = "4.7.1"
source = "registry+https://github.com/rust-lang/crates.io-index"
checksum = "8b75356056920673b02621b35afd0f7dda9306d03c79a30f5c56c44cf256e3de"

[[package]]
name = "async-trait"
version = "0.1.91"
source = "registry+https://github.com/rust-lang/crates.io-index"
checksum = "ae36dc4177970ef04fde5178d3e2429882def40e57a451f919c098f72baa6cec"
dependencies = [
 "proc-macro2",
 "quote",
 "syn 3.0.3",
]

[[package]]
name = "atomic"
version = "0.6.1"
source = "registry+https://github.com/rust-lang/crates.io-index"
checksum = "a89cbf775b137e9b968e67227ef7f775587cde3fd31b0d8599dbd0f598a48340"
dependencies = [
 "bytemuck",
]

[[package]]
name = "atomic-waker"
version = "1.1.2"
source = "registry+https://github.com/rust-lang/crates.io-index"
checksum = "1505bd5d3d116872e7271a6d4e16d81d0c8570876c8de68093a09ac269d8aac0"

[[package]]
name = "autocfg"
version = "1.5.1"
source = "registry+https://github.com/rust-lang/crates.io-index"
checksum = "f2032f911046de80f0a198e0901378627c33f59ea0ac00e363d481118bd70a53"

[[package]]
name = "base64"
version = "0.22.1"
source = "registry+https://github.com/rust-lang/crates.io-index"
checksum = "72b3254f16251a8381aa12e40e3c4d2f0199f8c6508fbecb9d91f575e0fbb8c6"

[[package]]
name = "base64-simd"
version = "0.8.0"
source = "registry+https://github.com/rust-lang/crates.io-index"
checksum = "339abbe78e73178762e23bea9dfd08e697eb3f3301cd4be981c0f78ba5859195"
dependencies = [
 "outref",
 "vsimd",
]

[[package]]
name = "bit-set"
version = "0.5.3"
source = "registry+https://github.com/rust-lang/crates.io-index"
checksum = "0700ddab506f33b20a03b13996eccd309a48e5ff77d0d95926aa0210fb4e95f1"
dependencies = [
 "bit-vec",
]

[[package]]
